# This file is autogenerated, do not edit; changes may be undone by the next 'dep ensure'.


[[projects]]
  branch = "master"
  digest = "1:07e396a671e820d37e693b807cefcb376e6cdde2ad31a001e5a74513ef95d67c"
  name = "github.com/lavrahq/cli-function-go-sdk"
  packages = ["."]
  pruneopts = ""
  revision = "3719ebb0080c26ff7776e5401aab9e92e7403981"

[[projects]]
  digest = "1:953a3dedbd5d1c988528b0aa45b6fae0e449e342adec639ad398dd858804c5ca"
  name = "github.com/machinebox/graphql"
  packages = ["."]
  pruneopts = ""
  revision = "05b17f3157491bbfa5d6fc2006443a272d960d15"
  version = "v0.2.2"

[[projects]]
  digest = "1:1d7e1867c49a6dd9856598ef7c3123604ea3daabf5b83f303ff457bcbc410b1d"
  name = "github.com/pkg/errors"
  packages = ["."]
  pruneopts = ""
  revision = "ba968bfe8b2f7e042a574c888954fccecfa385b4"
  version = "v0.8.1"

[solve-meta]
  analyzer-name = "dep"
  analyzer-version = 1
  input-imports = [
    "github.com/lavrahq/cli-function-go-sdk",
    "github.com/machinebox/graphql",
  ]
  solver-name = "gps-cdcl"
  solver-version = 1
